// !$*UTF8*$!
{
	archiveVersion = 1;
	classes = {
	};
	objectVersion = 46;
	objects = {

/* Begin PBXBuildFile section */
		342182AF1E2C2A3800D9F81B /* AppDelegate.swift in Sources */ = {isa = PBXBuildFile; fileRef = 342182AE1E2C2A3800D9F81B /* AppDelegate.swift */; };
		342182B11E2C2A3800D9F81B /* Assets.xcassets in Resources */ = {isa = PBXBuildFile; fileRef = 342182B01E2C2A3800D9F81B /* Assets.xcassets */; };
		342182B41E2C2A3800D9F81B /* MainMenu.xib in Resources */ = {isa = PBXBuildFile; fileRef = 342182B21E2C2A3800D9F81B /* MainMenu.xib */; };
/* End PBXBuildFile section */

/* Begin PBXFileReference section */
		342182AB1E2C2A3800D9F81B /* DotfileWatcher.app */ = {isa = PBXFileReference; explicitFileType = wrapper.application; includeInIndex = 0; path = DotfileWatcher.app; sourceTree = BUILT_PRODUCTS_DIR; };
		342182AE1E2C2A3800D9F81B /* AppDelegate.swift */ = {isa = PBXFileReference; lastKnownFileType = sourcecode.swift; path = AppDelegate.swift; sourceTree = "<group>"; };
		342182B01E2C2A3800D9F81B /* Assets.xcassets */ = {isa = PBXFileReference; lastKnownFileType = folder.assetcatalog; path = Assets.xcassets; sourceTree = "<group>"; };
		342182B31E2C2A3800D9F81B /* Base */ = {isa = PBXFileReference; lastKnownFileType = file.xib; name = Base; path = Base.lproj/MainMenu.xib; sourceTree = "<group>"; };
		342182B51E2C2A3800D9F81B /* Info.plist */ = {isa = PBXFileReference; lastKnownFileType = text.plist.xml; path = Info.plist; sourceTree = "<group>"; };
/* End PBXFileReference section */

/* Begin PBXFrameworksBuildPhase section */
		342182A81E2C2A3800D9F81B /* Frameworks */ = {
			isa = PBXFrameworksBuildPhase;
			buildActionMask = 2147483647;
			files = (
			);
			runOnlyForDeploymentPostprocessing = 0;
		};
/* End PBXFrameworksBuildPhase section */

/* Begin PBXGroup section */
		342182A21E2C2A3700D9F81B = {
			isa = PBXGroup;
			children = (
				342182AD1E2C2A3800D9F81B /* DotfileWatcher */,
				342182AC1E2C2A3800D9F81B /* Products */,
			);
			sourceTree = "<group>";
		};
		342182AC1E2C2A3800D9F81B /* Products */ = {
			isa = PBXGroup;
			children = (
				342182AB1E2C2A3800D9F81B /* DotfileWatcher.app */,
			);
			name = Products;
			sourceTree = "<group>";
		};
		342182AD1E2C2A3800D9F81B /* DotfileWatcher */ = {
			isa = PBXGroup;
			children = (
				342182AE1E2C2A3800D9F81B /* AppDelegate.swift */,
				342182B01E2C2A3800D9F81B /* Assets.xcassets */,
				342182B21E2C2A3800D9F81B /* MainMenu.xib */,
				342182B51E2C2A3800D9F81B /* Info.plist */,
			);
			path = DotfileWatcher;
			sourceTree = "<group>";
		};
/* End PBXGroup section */

/* Begin PBXNativeTarget section */
		342182AA1E2C2A3800D9F81B /* DotfileWatcher */ = {
			isa = PBXNativeTarget;
			buildConfigurationList = 342182B81E2C2A3800D9F81B /* Build configuration list for PBXNativeTarget "DotfileWatcher" */;
			buildPhases = (
				342182A71E2C2A3800D9F81B /* Sources */,
				342182A81E2C2A3800D9F81B /* Frameworks */,
				342182A91E2C2A3800D9F81B /* Resources */,
			);
			buildRules = (
			);
			dependencies = (
			);
			name = DotfileWatcher;
			productName = DotfileWatcher;
			productReference = 342182AB1E2C2A3800D9F81B /* DotfileWatcher.app */;
			productType = "com.apple.product-type.application";
		};
/* End PBXNativeTarget section */

/* Begin PBXProject section */
		342182A31E2C2A3700D9F81B /* Project object */ = {
			isa = PBXProject;
			attributes = {
				LastSwiftUpdateCheck = 0820;
				LastUpgradeCheck = 0820;
				TargetAttributes = {
					342182AA1E2C2A3800D9F81B = {
						CreatedOnToolsVersion = 8.2.1;
						DevelopmentTeam = CFJYV723M9;
						ProvisioningStyle = Automatic;
					};
				};
			};
			buildConfigurationList = 342182A61E2C2A3800D9F81B /* Build configuration list for PBXProject "DotfileWatcher" */;
			compatibilityVersion = "Xcode 3.2";
			developmentRegion = English;
			hasScannedForEncodings = 0;
			knownRegions = (
				en,
				Base,
			);
			mainGroup = 342182A21E2C2A3700D9F81B;
			productRefGroup = 342182AC1E2C2A3800D9F81B /* Products */;
			projectDirPath = "";
			projectRoot = "";
			targets = (
				342182AA1E2C2A3800D9F81B /* DotfileWatcher */,
			);
		};
/* End PBXProject section */

/* Begin PBXResourcesBuildPhase section */
		342182A91E2C2A3800D9F81B /* Resources */ = {
			isa = PBXResourcesBuildPhase;
			buildActionMask = 2147483647;
			files = (
				342182B11E2C2A3800D9F81B /* Assets.xcassets in Resources */,
				342182B41E2C2A3800D9F81B /* MainMenu.xib in Resources */,
			);
			runOnlyForDeploymentPostprocessing = 0;
		};
/* End PBXResourcesBuildPhase section */

/* Begin PBXSourcesBuildPhase section */
		342182A71E2C2A3800D9F81B /* Sources */ = {
			isa = PBXSourcesBuildPhase;
			buildActionMask = 2147483647;
			files = (
				342182AF1E2C2A3800D9F81B /* AppDelegate.swift in Sources */,
			);
			runOnlyForDeploymentPostprocessing = 0;
		};
/* End PBXSourcesBuildPhase section */

/* Begin PBXVariantGroup section */
		342182B21E2C2A3800D9F81B /* MainMenu.xib */ = {
			isa = PBXVariantGroup;
			children = (
				342182B31E2C2A3800D9F81B /* Base */,
			);
			name = MainMenu.xib;
			sourceTree = "<group>";
		};
/* End PBXVariantGroup section */

/* Begin XCBuildConfiguration section */
		342182B61E2C2A3800D9F81B /* Debug */ = {
			isa = XCBuildConfiguration;
			buildSettings = {
				ALWAYS_SEARCH_USER_PATHS = NO;
				CLANG_ANALYZER_NONNULL = YES;
				CLANG_CXX_LANGUAGE_STANDARD = "gnu++0x";
				CLANG_CXX_LIBRARY = "libc++";
				CLANG_ENABLE_MODULES = YES;
				CLANG_ENABLE_OBJC_ARC = YES;
				CLANG_WARN_BOOL_CONVERSION = YES;
				CLANG_WARN_CONSTANT_CONVERSION = YES;
				CLANG_WARN_DIRECT_OBJC_ISA_USAGE = YES_ERROR;
				CLANG_WARN_DOCUMENTATION_COMMENTS = YES;
				CLANG_WARN_EMPTY_BODY = YES;
				CLANG_WARN_ENUM_CONVERSION = YES;
				CLANG_WARN_INFINITE_RECURSION = YES;
				CLANG_WARN_INT_CONVERSION = YES;
				CLANG_WARN_OBJC_ROOT_CLASS = YES_ERROR;
				CLANG_WARN_SUSPICIOUS_MOVE = YES;
				CLANG_WARN_UNREACHABLE_CODE = YES;
				CLANG_WARN__DUPLICATE_METHOD_MATCH = YES;
				CODE_SIGN_IDENTITY = "-";
				COPY_PHASE_STRIP = NO;
				DEBUG_INFORMATION_FORMAT = dwarf;
				ENABLE_STRICT_OBJC_MSGSEND = YES;
				ENABLE_TESTABILITY = YES;
				GCC_C_LANGUAGE_STANDARD = gnu99;
				GCC_DYNAMIC_NO_PIC = NO;
				GCC_NO_COMMON_BLOCKS = YES;
				GCC_OPTIMIZATION_LEVEL = 0;
				GCC_PREPROCESSOR_DEFINITIONS = (
					"DEBUG=1",
					"$(inherited)",
				);
				GCC_WARN_64_TO_32_BIT_CONVERSION = YES;
				GCC_WARN_ABOUT_RETURN_TYPE = YES_ERROR;
				GCC_WARN_UNDECLARED_SELECTOR = YES;
				GCC_WARN_UNINITIALIZED_AUTOS = YES_AGGRESSIVE;
				GCC_WARN_UNUSED_FUNCTION = YES;
				GCC_WARN_UNUSED_VARIABLE = YES;
				MACOSX_DEPLOYMENT_TARGET = 10.12;
				MTL_ENABLE_DEBUG_INFO = YES;
				ONLY_ACTIVE_ARCH = YES;
				SDKROOT = macosx;
				SWIFT_ACTIVE_COMPILATION_CONDITIONS = DEBUG;
				SWIFT_OPTIMIZATION_LEVEL = "-Onone";
			};
			name = Debug;
		};
		342182B71E2C2A3800D9F81B /* Release */ = {
			isa = XCBuildConfiguration;
			buildSettings = {
				ALWAYS_SEARCH_USER_PATHS = NO;
				CLANG_ANALYZER_NONNULL = YES;
				CLANG_CXX_LANGUAGE_STANDARD = "gnu++0x";
				CLANG_CXX_LIBRARY = "libc++";
				CLANG_ENABLE_MODULES = YES;
				CLANG_ENABLE_OBJC_ARC = YES;
				CLANG_WARN_BOOL_CONVERSION = YES;
				CLANG_WARN_CONSTANT_CONVERSION = YES;
				CLANG_WARN_DIRECT_OBJC_ISA_USAGE = YES_ERROR;
				CLANG_WARN_DOCUMENTATION_COMMENTS = YES;
				CLANG_WARN_EMPTY_BODY = YES;
				CLANG_WARN_ENUM_CONVERSION = YES;
				CLANG_WARN_INFINITE_RECURSION = YES;
				CLANG_WARN_INT_CONVERSION = YES;
				CLANG_WARN_OBJC_ROOT_CLASS = YES_ERROR;
				CLANG_WARN_SUSPICIOUS_MOVE = YES;
				CLANG_WARN_UNREACHABLE_CODE = YES;
				CLANG_WARN__DUPLICATE_METHOD_MATCH = YES;
				CODE_SIGN_IDENTITY = "-";
				COPY_PHASE_STRIP = NO;
				DEBUG_INFORMATION_FORMAT = "dwarf-with-dsym";
				ENABLE_NS_ASSERTIONS = NO;
				ENABLE_STRICT_OBJC_MSGSEND = YES;
				GCC_C_LANGUAGE_STANDARD = gnu99;
				GCC_NO_COMMON_BLOCKS = YES;
				GCC_WARN_64_TO_32_BIT_CONVERSION = YES;
				GCC_WARN_ABOUT_RETURN_TYPE = YES_ERROR;
				GCC_WARN_UNDECLARED_SELECTOR = YES;
				GCC_WARN_UNINITIALIZED_AUTOS = YES_AGGRESSIVE;
				GCC_WARN_UNUSED_FUNCTION = YES;
				GCC_WARN_UNUSED_VARIABLE = YES;
				MACOSX_DEPLOYMENT_TARGET = 10.12;
				MTL_ENABLE_DEBUG_INFO = NO;
				SDKROOT = macosx;
				SWIFT_OPTIMIZATION_LEVEL = "-Owholemodule";
			};
			name = Release;
		};
		342182B91E2C2A3800D9F81B /* Debug */ = {
			isa = XCBuildConfiguration;
			buildSettings = {
				ASSETCATALOG_COMPILER_APPICON_NAME = AppIcon;
				COMBINE_HIDPI_IMAGES = YES;
				DEVELOPMENT_TEAM = CFJYV723M9;
				INFOPLIST_FILE = DotfileWatcher/Info.plist;
				LD_RUNPATH_SEARCH_PATHS = "$(inherited) @executable_path/../Frameworks";
				PRODUCT_BUNDLE_IDENTIFIER = com.shaneliesegang.DotfileWatcher;
				PRODUCT_NAME = "$(TARGET_NAME)";
				SWIFT_VERSION = 3.0;
			};
			name = Debug;
		};
		342182BA1E2C2A3800D9F81B /* Release */ = {
			isa = XCBuildConfiguration;
			buildSettings = {
				ASSETCATALOG_COMPILER_APPICON_NAME = AppIcon;
				COMBINE_HIDPI_IMAGES = YES;
				DEVELOPMENT_TEAM = CFJYV723M9;
				INFOPLIST_FILE = DotfileWatcher/Info.plist;
				LD_RUNPATH_SEARCH_PATHS = "$(inherited) @executable_path/../Frameworks";
				PRODUCT_BUNDLE_IDENTIFIER = com.shaneliesegang.DotfileWatcher;
				PRODUCT_NAME = "$(TARGET_NAME)";
				SWIFT_VERSION = 3.0;
			};
			name = Release;
		};
/* End XCBuildConfiguration section */

/* Begin XCConfigurationList section */
		342182A61E2C2A3800D9F81B /* Build configuration list for PBXProject "DotfileWatcher" */ = {
			isa = XCConfigurationList;
			buildConfigurations = (
				342182B61E2C2A3800D9F81B /* Debug */,
				342182B71E2C2A3800D9F81B /* Release */,
			);
			defaultConfigurationIsVisible = 0;
			defaultConfigurationName = Release;
		};
		342182B81E2C2A3800D9F81B /* Build configuration list for PBXNativeTarget "DotfileWatcher" */ = {
			isa = XCConfigurationList;
			buildConfigurations = (
				342182B91E2C2A3800D9F81B /* Debug */,
				342182BA1E2C2A3800D9F81B /* Release */,
			);
			defaultConfigurationIsVisible = 0;
		};
/* End XCConfigurationList section */
	};
	rootObject = 342182A31E2C2A3700D9F81B /* Project object */;
}
